
Microsoft Visual Studio Solution File, Format Version 12.00
# Visual Studio Version 17
VisualStudioVersion = 17.11.35219.272
MinimumVisualStudioVersion = 10.0.40219.1
Project("{FAE04EC0-301F-11D3-BF4B-00C04F79EFBC}") = "ZeneProj", "ZeneProj\ZeneProj.csproj", "{F4E0710B-D181-4CDF-806E-1EC741D7CF25}"
EndProject
Global
	GlobalSection(SolutionConfigurationPlatforms) = preSolution
		Debug|Any CPU = Debug|Any CPU
		Release|Any CPU = Release|Any CPU
	EndGlobalSection
	GlobalSection(ProjectConfigurationPlatforms) = postSolution
		{F4E0710B-D181-4CDF-806E-1EC741D7CF25}.Debug|Any CPU.ActiveCfg = Debug|Any CPU
		{F4E0710B-D181-4CDF-806E-1EC741D7CF25}.Debug|Any CPU.Build.0 = Debug|Any CPU
		{F4E0710B-D181-4CDF-806E-1EC741D7CF25}.Release|Any CPU.ActiveCfg = Release|Any CPU
		{F4E0710B-D181-4CDF-806E-1EC741D7CF25}.Release|Any CPU.Build.0 = Release|Any CPU
	EndGlobalSection
	GlobalSection(SolutionProperties) = preSolution
		HideSolutionNode = FALSE
	EndGlobalSection
	GlobalSection(ExtensibilityGlobals) = postSolution
		SolutionGuid = {9CBDBD22-B5EE-4326-A409-81E5DBEBADBC}
	EndGlobalSection
EndGlobal
